// !$*UTF8*$!
{
	archiveVersion = 1;
	classes = {
	};
	objectVersion = 55;
	objects = {

/* Begin PBXBuildFile section */
		06EB4E6A56A4F7C80395738A /* Pods_Pinterest_PinterestUITests.framework in Frameworks */ = {isa = PBXBuildFile; fileRef = FAF742DB581803868D44B136 /* Pods_Pinterest_PinterestUITests.framework */; };
		14D26546C0C1CF3C1B3A53C4 /* Pods_Pinterest.framework in Frameworks */ = {isa = PBXBuildFile; fileRef = 6E8719A6C1A0F293E76CA283 /* Pods_Pinterest.framework */; };
		75595B482725C20100DBB009 /* AppDelegate.swift in Sources */ = {isa = PBXBuildFile; fileRef = 75595B472725C20100DBB009 /* AppDelegate.swift */; };
		75595B4A2725C20100DBB009 /* SceneDelegate.swift in Sources */ = {isa = PBXBuildFile; fileRef = 75595B492725C20100DBB009 /* SceneDelegate.swift */; };
		75595B4C2725C20100DBB009 /* IntroViewController.swift in Sources */ = {isa = PBXBuildFile; fileRef = 75595B4B2725C20100DBB009 /* IntroViewController.swift */; };
		75595B512725C20600DBB009 /* Assets.xcassets in Resources */ = {isa = PBXBuildFile; fileRef = 75595B502725C20600DBB009 /* Assets.xcassets */; };
		75595B542725C20600DBB009 /* LaunchScreen.storyboard in Resources */ = {isa = PBXBuildFile; fileRef = 75595B522725C20600DBB009 /* LaunchScreen.storyboard */; };
		75595B5F2725C20600DBB009 /* PinterestTests.swift in Sources */ = {isa = PBXBuildFile; fileRef = 75595B5E2725C20600DBB009 /* PinterestTests.swift */; };
		75595B692725C20600DBB009 /* PinterestUITests.swift in Sources */ = {isa = PBXBuildFile; fileRef = 75595B682725C20600DBB009 /* PinterestUITests.swift */; };
		755F8C9D2725E60A00398ADD /* Assets in Resources */ = {isa = PBXBuildFile; fileRef = 755F8C9C2725E60A00398ADD /* Assets */; };
		756BD03E282478E30016F0A8 /* SettingCell.swift in Sources */ = {isa = PBXBuildFile; fileRef = 756BD03D282478E30016F0A8 /* SettingCell.swift */; };
		756BD040282479FB0016F0A8 /* VideoCell.swift in Sources */ = {isa = PBXBuildFile; fileRef = 756BD03F282479FB0016F0A8 /* VideoCell.swift */; };
		756BD044282705820016F0A8 /* Extensions.swift in Sources */ = {isa = PBXBuildFile; fileRef = 756BD043282705820016F0A8 /* Extensions.swift */; };
		75742384276EA08600C98DFF /* Post.swift in Sources */ = {isa = PBXBuildFile; fileRef = 75742383276EA08600C98DFF /* Post.swift */; };
		75742388276EA90E00C98DFF /* PinterestCell.swift in Sources */ = {isa = PBXBuildFile; fileRef = 75742387276EA90E00C98DFF /* PinterestCell.swift */; };
		75A1F60E2740546400E4170A /* MainTabBarController.swift in Sources */ = {isa = PBXBuildFile; fileRef = 75A1F60D2740546300E4170A /* MainTabBarController.swift */; };
		75A1F61027405A4300E4170A /* FeedViewController.swift in Sources */ = {isa = PBXBuildFile; fileRef = 75A1F60F27405A4300E4170A /* FeedViewController.swift */; };
		75A7CDE52804FFD4008043F6 /* ChatViewController.swift in Sources */ = {isa = PBXBuildFile; fileRef = 75A7CDE42804FFD2008043F6 /* ChatViewController.swift */; };
		75B49E5B277D20E7001A1A5C /* GoogleService-Info.plist in Sources */ = {isa = PBXBuildFile; fileRef = 75B49E5A277D200E001A1A5C /* GoogleService-Info.plist */; };
		75B5D464275C140100AA3148 /* Helpers in Resources */ = {isa = PBXBuildFile; fileRef = 75B5D463275C140000AA3148 /* Helpers */; };
		75B5D4682760080200AA3148 /* PostProvider.swift in Sources */ = {isa = PBXBuildFile; fileRef = 75B5D4672760080200AA3148 /* PostProvider.swift */; };
		75B5D46A2760172600AA3148 /* PinterestLayout.swift in Sources */ = {isa = PBXBuildFile; fileRef = 75B5D4692760172500AA3148 /* PinterestLayout.swift */; };
		75C5B24C2821C6820011DE96 /* SettingsLauncher.swift in Sources */ = {isa = PBXBuildFile; fileRef = 75C5B24B2821C6820011DE96 /* SettingsLauncher.swift */; };
		75D6288127655A0F00125509 /* DetailViewController.swift in Sources */ = {isa = PBXBuildFile; fileRef = 75D6288027655A0F00125509 /* DetailViewController.swift */; };
		75D6288C27656F8200125509 /* CCZoomAnimatedTransitioning.swift in Sources */ = {isa = PBXBuildFile; fileRef = 75D6288827656E7600125509 /* CCZoomAnimatedTransitioning.swift */; };
		75D6288D27656F8400125509 /* CCZoomTransitionVCExtension.swift in Sources */ = {isa = PBXBuildFile; fileRef = 75D6288927656E7600125509 /* CCZoomTransitionVCExtension.swift */; };
		75D6288E27656F8700125509 /* CCSwipBackPresentationController.swift in Sources */ = {isa = PBXBuildFile; fileRef = 75D6288A27656E7600125509 /* CCSwipBackPresentationController.swift */; };
		75D6288F27656F8D00125509 /* CCZoomTransitioner.swift in Sources */ = {isa = PBXBuildFile; fileRef = 75D6288B27656E7600125509 /* CCZoomTransitioner.swift */; };
		75D62892276D4E2000125509 /* GIFImageView.swift in Sources */ = {isa = PBXBuildFile; fileRef = 75D62891276D4E1F00125509 /* GIFImageView.swift */; };
		75D62895276D50AC00125509 /* UIColorExtension.swift in Sources */ = {isa = PBXBuildFile; fileRef = 75D62894276D50AC00125509 /* UIColorExtension.swift */; };
		8F054B48D30374B5B99A44B8 /* Pods_PinterestTests.framework in Frameworks */ = {isa = PBXBuildFile; fileRef = 1118C39C615EC78BF101AEBC /* Pods_PinterestTests.framework */; };
/* End PBXBuildFile section */

/* Begin PBXContainerItemProxy section */
		75595B5B2725C20600DBB009 /* PBXContainerItemProxy */ = {
			isa = PBXContainerItemProxy;
			containerPortal = 75595B3C2725C20000DBB009 /* Project object */;
			proxyType = 1;
			remoteGlobalIDString = 75595B432725C20100DBB009;
			remoteInfo = Pinterest;
		};
		75595B652725C20600DBB009 /* PBXContainerItemProxy */ = {
			isa = PBXContainerItemProxy;
			containerPortal = 75595B3C2725C20000DBB009 /* Project object */;
			proxyType = 1;
			remoteGlobalIDString = 75595B432725C20100DBB009;
			remoteInfo = Pinterest;
		};
/* End PBXContainerItemProxy section */

/* Begin PBXFileReference section */
		1118C39C615EC78BF101AEBC /* Pods_PinterestTests.framework */ = {isa = PBXFileReference; explicitFileType = wrapper.framework; includeInIndex = 0; path = Pods_PinterestTests.framework; sourceTree = BUILT_PRODUCTS_DIR; };
		3C375027F224386A096C5220 /* Pods-PinterestTests.debug.xcconfig */ = {isa = PBXFileReference; includeInIndex = 1; lastKnownFileType = text.xcconfig; name = "Pods-PinterestTests.debug.xcconfig"; path = "Target Support Files/Pods-PinterestTests/Pods-PinterestTests.debug.xcconfig"; sourceTree = "<group>"; };
		62E0F86EF39DEC3BABC16A9C /* Pods-Pinterest.release.xcconfig */ = {isa = PBXFileReference; includeInIndex = 1; lastKnownFileType = text.xcconfig; name = "Pods-Pinterest.release.xcconfig"; path = "Target Support Files/Pods-Pinterest/Pods-Pinterest.release.xcconfig"; sourceTree = "<group>"; };
		6E8719A6C1A0F293E76CA283 /* Pods_Pinterest.framework */ = {isa = PBXFileReference; explicitFileType = wrapper.framework; includeInIndex = 0; path = Pods_Pinterest.framework; sourceTree = BUILT_PRODUCTS_DIR; };
		75595B442725C20100DBB009 /* Pinterest.app */ = {isa = PBXFileReference; explicitFileType = wrapper.application; includeInIndex = 0; path = Pinterest.app; sourceTree = BUILT_PRODUCTS_DIR; };
		75595B472725C20100DBB009 /* AppDelegate.swift */ = {isa = PBXFileReference; lastKnownFileType = sourcecode.swift; path = AppDelegate.swift; sourceTree = "<group>"; };
		75595B492725C20100DBB009 /* SceneDelegate.swift */ = {isa = PBXFileReference; lastKnownFileType = sourcecode.swift; path = SceneDelegate.swift; sourceTree = "<group>"; };
		75595B4B2725C20100DBB009 /* IntroViewController.swift */ = {isa = PBXFileReference; lastKnownFileType = sourcecode.swift; path = IntroViewController.swift; sourceTree = "<group>"; };
		75595B502725C20600DBB009 /* Assets.xcassets */ = {isa = PBXFileReference; lastKnownFileType = folder.assetcatalog; path = Assets.xcassets; sourceTree = "<group>"; };
		75595B532725C20600DBB009 /* Base */ = {isa = PBXFileReference; lastKnownFileType = file.storyboard; name = Base; path = Base.lproj/LaunchScreen.storyboard; sourceTree = "<group>"; };
		75595B552725C20600DBB009 /* Info.plist */ = {isa = PBXFileReference; lastKnownFileType = text.plist.xml; path = Info.plist; sourceTree = "<group>"; };
		75595B5A2725C20600DBB009 /* PinterestTests.xctest */ = {isa = PBXFileReference; explicitFileType = wrapper.cfbundle; includeInIndex = 0; path = PinterestTests.xctest; sourceTree = BUILT_PRODUCTS_DIR; };
		75595B5E2725C20600DBB009 /* PinterestTests.swift */ = {isa = PBXFileReference; lastKnownFileType = sourcecode.swift; path = PinterestTests.swift; sourceTree = "<group>"; };
		75595B642725C20600DBB009 /* PinterestUITests.xctest */ = {isa = PBXFileReference; explicitFileType = wrapper.cfbundle; includeInIndex = 0; path = PinterestUITests.xctest; sourceTree = BUILT_PRODUCTS_DIR; };
		75595B682725C20600DBB009 /* PinterestUITests.swift */ = {isa = PBXFileReference; lastKnownFileType = sourcecode.swift; path = PinterestUITests.swift; sourceTree = "<group>"; };
		755F8C9C2725E60A00398ADD /* Assets */ = {isa = PBXFileReference; lastKnownFileType = folder; path = Assets; sourceTree = "<group>"; };
		756BD03D282478E30016F0A8 /* SettingCell.swift */ = {isa = PBXFileReference; lastKnownFileType = sourcecode.swift; path = SettingCell.swift; sourceTree = "<group>"; };
		756BD03F282479FB0016F0A8 /* VideoCell.swift */ = {isa = PBXFileReference; lastKnownFileType = sourcecode.swift; path = VideoCell.swift; sourceTree = "<group>"; };
		756BD043282705820016F0A8 /* Extensions.swift */ = {isa = PBXFileReference; lastKnownFileType = sourcecode.swift; path = Extensions.swift; sourceTree = "<group>"; };
		75742383276EA08600C98DFF /* Post.swift */ = {isa = PBXFileReference; lastKnownFileType = sourcecode.swift; path = Post.swift; sourceTree = "<group>"; };
		75742387276EA90E00C98DFF /* PinterestCell.swift */ = {isa = PBXFileReference; lastKnownFileType = sourcecode.swift; path = PinterestCell.swift; sourceTree = "<group>"; };
		758D57052790FBEE00557264 /* PinterestDebug.entitlements */ = {isa = PBXFileReference; lastKnownFileType = text.plist.entitlements; path = PinterestDebug.entitlements; sourceTree = "<group>"; };
		75A1F60D2740546300E4170A /* MainTabBarController.swift */ = {isa = PBXFileReference; lastKnownFileType = sourcecode.swift; path = MainTabBarController.swift; sourceTree = "<group>"; };
		75A1F60F27405A4300E4170A /* FeedViewController.swift */ = {isa = PBXFileReference; lastKnownFileType = sourcecode.swift; path = FeedViewController.swift; sourceTree = "<group>"; };
		75A7CDE42804FFD2008043F6 /* ChatViewController.swift */ = {isa = PBXFileReference; lastKnownFileType = sourcecode.swift; path = ChatViewController.swift; sourceTree = "<group>"; };
		75B49E5A277D200E001A1A5C /* GoogleService-Info.plist */ = {isa = PBXFileReference; lastKnownFileType = text.plist.xml; path = "GoogleService-Info.plist"; sourceTree = "<group>"; };
		75B5D463275C140000AA3148 /* Helpers */ = {isa = PBXFileReference; lastKnownFileType = folder; path = Helpers; sourceTree = "<group>"; };
		75B5D4672760080200AA3148 /* PostProvider.swift */ = {isa = PBXFileReference; lastKnownFileType = sourcecode.swift; path = PostProvider.swift; sourceTree = "<group>"; };
		75B5D4692760172500AA3148 /* PinterestLayout.swift */ = {isa = PBXFileReference; lastKnownFileType = sourcecode.swift; path = PinterestLayout.swift; sourceTree = "<group>"; };
		75C5B24B2821C6820011DE96 /* SettingsLauncher.swift */ = {isa = PBXFileReference; lastKnownFileType = sourcecode.swift; path = SettingsLauncher.swift; sourceTree = "<group>"; };
		75D6288027655A0F00125509 /* DetailViewController.swift */ = {isa = PBXFileReference; lastKnownFileType = sourcecode.swift; path = DetailViewController.swift; sourceTree = "<group>"; };
		75D6288827656E7600125509 /* CCZoomAnimatedTransitioning.swift */ = {isa = PBXFileReference; lastKnownFileType = sourcecode.swift; path = CCZoomAnimatedTransitioning.swift; sourceTree = "<group>"; };
		75D6288927656E7600125509 /* CCZoomTransitionVCExtension.swift */ = {isa = PBXFileReference; lastKnownFileType = sourcecode.swift; path = CCZoomTransitionVCExtension.swift; sourceTree = "<group>"; };
		75D6288A27656E7600125509 /* CCSwipBackPresentationController.swift */ = {isa = PBXFileReference; lastKnownFileType = sourcecode.swift; path = CCSwipBackPresentationController.swift; sourceTree = "<group>"; };
		75D6288B27656E7600125509 /* CCZoomTransitioner.swift */ = {isa = PBXFileReference; lastKnownFileType = sourcecode.swift; path = CCZoomTransitioner.swift; sourceTree = "<group>"; };
		75D62891276D4E1F00125509 /* GIFImageView.swift */ = {isa = PBXFileReference; lastKnownFileType = sourcecode.swift; path = GIFImageView.swift; sourceTree = "<group>"; };
		75D62894276D50AC00125509 /* UIColorExtension.swift */ = {isa = PBXFileReference; lastKnownFileType = sourcecode.swift; path = UIColorExtension.swift; sourceTree = "<group>"; };
		9361242BDDEE6D26E035A897 /* Pods-Pinterest-PinterestUITests.release.xcconfig */ = {isa = PBXFileReference; includeInIndex = 1; lastKnownFileType = text.xcconfig; name = "Pods-Pinterest-PinterestUITests.release.xcconfig"; path = "Target Support Files/Pods-Pinterest-PinterestUITests/Pods-Pinterest-PinterestUITests.release.xcconfig"; sourceTree = "<group>"; };
		BBD2A3AF710506CA0BFC4DAA /* Pods-PinterestTests.release.xcconfig */ = {isa = PBXFileReference; includeInIndex = 1; lastKnownFileType = text.xcconfig; name = "Pods-PinterestTests.release.xcconfig"; path = "Target Support Files/Pods-PinterestTests/Pods-PinterestTests.release.xcconfig"; sourceTree = "<group>"; };
		BDDF16ACCD136F6FDD101097 /* Pods-Pinterest.debug.xcconfig */ = {isa = PBXFileReference; includeInIndex = 1; lastKnownFileType = text.xcconfig; name = "Pods-Pinterest.debug.xcconfig"; path = "Target Support Files/Pods-Pinterest/Pods-Pinterest.debug.xcconfig"; sourceTree = "<group>"; };
		E332CB0122F16A1CF7CBB06A /* Pods-Pinterest-PinterestUITests.debug.xcconfig */ = {isa = PBXFileReference; includeInIndex = 1; lastKnownFileType = text.xcconfig; name = "Pods-Pinterest-PinterestUITests.debug.xcconfig"; path = "Target Support Files/Pods-Pinterest-PinterestUITests/Pods-Pinterest-PinterestUITests.debug.xcconfig"; sourceTree = "<group>"; };
		FAF742DB581803868D44B136 /* Pods_Pinterest_PinterestUITests.framework */ = {isa = PBXFileReference; explicitFileType = wrapper.framework; includeInIndex = 0; path = Pods_Pinterest_PinterestUITests.framework; sourceTree = BUILT_PRODUCTS_DIR; };
/* End PBXFileReference section */

/* Begin PBXFrameworksBuildPhase section */
		75595B412725C20100DBB009 /* Frameworks */ = {
			isa = PBXFrameworksBuildPhase;
			buildActionMask = 2147483647;
			files = (
				14D26546C0C1CF3C1B3A53C4 /* Pods_Pinterest.framework in Frameworks */,
			);
			runOnlyForDeploymentPostprocessing = 0;
		};
		75595B572725C20600DBB009 /* Frameworks */ = {
			isa = PBXFrameworksBuildPhase;
			buildActionMask = 2147483647;
			files = (
				8F054B48D30374B5B99A44B8 /* Pods_PinterestTests.framework in Frameworks */,
			);
			runOnlyForDeploymentPostprocessing = 0;
		};
		75595B612725C20600DBB009 /* Frameworks */ = {
			isa = PBXFrameworksBuildPhase;
			buildActionMask = 2147483647;
			files = (
				06EB4E6A56A4F7C80395738A /* Pods_Pinterest_PinterestUITests.framework in Frameworks */,
			);
			runOnlyForDeploymentPostprocessing = 0;
		};
/* End PBXFrameworksBuildPhase section */

/* Begin PBXGroup section */
		469EC44480BA16AA5A239842 /* Frameworks */ = {
			isa = PBXGroup;
			children = (
				6E8719A6C1A0F293E76CA283 /* Pods_Pinterest.framework */,
				FAF742DB581803868D44B136 /* Pods_Pinterest_PinterestUITests.framework */,
				1118C39C615EC78BF101AEBC /* Pods_PinterestTests.framework */,
			);
			name = Frameworks;
			sourceTree = "<group>";
		};
		75595B3B2725C20000DBB009 = {
			isa = PBXGroup;
			children = (
				75B5D463275C140000AA3148 /* Helpers */,
				75595B462725C20100DBB009 /* Pinterest */,
				75595B5D2725C20600DBB009 /* PinterestTests */,
				75595B672725C20600DBB009 /* PinterestUITests */,
				75595B452725C20100DBB009 /* Products */,
				B5DCDDA85A33D9C4A6BE4A53 /* Pods */,
				469EC44480BA16AA5A239842 /* Frameworks */,
			);
			sourceTree = "<group>";
		};
		75595B452725C20100DBB009 /* Products */ = {
			isa = PBXGroup;
			children = (
				75595B442725C20100DBB009 /* Pinterest.app */,
				75595B5A2725C20600DBB009 /* PinterestTests.xctest */,
				75595B642725C20600DBB009 /* PinterestUITests.xctest */,
			);
			name = Products;
			sourceTree = "<group>";
		};
		75595B462725C20100DBB009 /* Pinterest */ = {
			isa = PBXGroup;
			children = (
				758D57052790FBEE00557264 /* PinterestDebug.entitlements */,
				75742382276EA06000C98DFF /* Models */,
				75742381276EA05A00C98DFF /* View */,
				75742380276EA04900C98DFF /* Controller */,
				755F8C9C2725E60A00398ADD /* Assets */,
				75742385276EA26200C98DFF /* Supporting  */,
				75742386276EA7C900C98DFF /* Work */,
				75595B552725C20600DBB009 /* Info.plist */,
			);
			path = Pinterest;
			sourceTree = "<group>";
		};
		75595B5D2725C20600DBB009 /* PinterestTests */ = {
			isa = PBXGroup;
			children = (
				75595B5E2725C20600DBB009 /* PinterestTests.swift */,
			);
			path = PinterestTests;
			sourceTree = "<group>";
		};
		75595B672725C20600DBB009 /* PinterestUITests */ = {
			isa = PBXGroup;
			children = (
				75595B682725C20600DBB009 /* PinterestUITests.swift */,
			);
			path = PinterestUITests;
			sourceTree = "<group>";
		};
		75742380276EA04900C98DFF /* Controller */ = {
			isa = PBXGroup;
			children = (
				75B49E5A277D200E001A1A5C /* GoogleService-Info.plist */,
				75C5B24B2821C6820011DE96 /* SettingsLauncher.swift */,
				75595B4B2725C20100DBB009 /* IntroViewController.swift */,
				75A1F60D2740546300E4170A /* MainTabBarController.swift */,
				75A1F60F27405A4300E4170A /* FeedViewController.swift */,
				75A7CDE42804FFD2008043F6 /* ChatViewController.swift */,
				75D6288027655A0F00125509 /* DetailViewController.swift */,
			);
			path = Controller;
			sourceTree = "<group>";
		};
		75742381276EA05A00C98DFF /* View */ = {
			isa = PBXGroup;
			children = (
				75B5D4692760172500AA3148 /* PinterestLayout.swift */,
				756BD043282705820016F0A8 /* Extensions.swift */,
				75742387276EA90E00C98DFF /* PinterestCell.swift */,
				756BD03D282478E30016F0A8 /* SettingCell.swift */,
				756BD03F282479FB0016F0A8 /* VideoCell.swift */,
			);
			path = View;
			sourceTree = "<group>";
		};
		75742382276EA06000C98DFF /* Models */ = {
			isa = PBXGroup;
			children = (
				75742383276EA08600C98DFF /* Post.swift */,
			);
			path = Models;
			sourceTree = "<group>";
		};
		75742385276EA26200C98DFF /* Supporting  */ = {
			isa = PBXGroup;
			children = (
				75595B472725C20100DBB009 /* AppDelegate.swift */,
				75595B492725C20100DBB009 /* SceneDelegate.swift */,
				75595B502725C20600DBB009 /* Assets.xcassets */,
				75595B522725C20600DBB009 /* LaunchScreen.storyboard */,
			);
			path = "Supporting ";
			sourceTree = "<group>";
		};
		75742386276EA7C900C98DFF /* Work */ = {
			isa = PBXGroup;
			children = (
				75D62891276D4E1F00125509 /* GIFImageView.swift */,
				75D6288827656E7600125509 /* CCZoomAnimatedTransitioning.swift */,
				75D6288A27656E7600125509 /* CCSwipBackPresentationController.swift */,
				75D6288B27656E7600125509 /* CCZoomTransitioner.swift */,
				75D6288927656E7600125509 /* CCZoomTransitionVCExtension.swift */,
				75D62894276D50AC00125509 /* UIColorExtension.swift */,
				75B5D4672760080200AA3148 /* PostProvider.swift */,
			);
			path = Work;
			sourceTree = "<group>";
		};
		B5DCDDA85A33D9C4A6BE4A53 /* Pods */ = {
			isa = PBXGroup;
			children = (
				BDDF16ACCD136F6FDD101097 /* Pods-Pinterest.debug.xcconfig */,
				62E0F86EF39DEC3BABC16A9C /* Pods-Pinterest.release.xcconfig */,
				E332CB0122F16A1CF7CBB06A /* Pods-Pinterest-PinterestUITests.debug.xcconfig */,
				9361242BDDEE6D26E035A897 /* Pods-Pinterest-PinterestUITests.release.xcconfig */,
				3C375027F224386A096C5220 /* Pods-PinterestTests.debug.xcconfig */,
				BBD2A3AF710506CA0BFC4DAA /* Pods-PinterestTests.release.xcconfig */,
			);
			path = Pods;
			sourceTree = "<group>";
		};
/* End PBXGroup section */

/* Begin PBXNativeTarget section */
		75595B432725C20100DBB009 /* Pinterest */ = {
			isa = PBXNativeTarget;
			buildConfigurationList = 75595B6C2725C20600DBB009 /* Build configuration list for PBXNativeTarget "Pinterest" */;
			buildPhases = (
				48EC09A2FE0816E7654C756E /* [CP] Check Pods Manifest.lock */,
				75595B402725C20100DBB009 /* Sources */,
				75595B412725C20100DBB009 /* Frameworks */,
				75595B422725C20100DBB009 /* Resources */,
				5BAEAD4C815131BA9C5B0D93 /* [CP] Embed Pods Frameworks */,
				C7719128CA14ED2CBD630465 /* [CP] Copy Pods Resources */,
			);
			buildRules = (
			);
			dependencies = (
			);
			name = Pinterest;
			productName = Pinterest;
			productReference = 75595B442725C20100DBB009 /* Pinterest.app */;
			productType = "com.apple.product-type.application";
		};
		75595B592725C20600DBB009 /* PinterestTests */ = {
			isa = PBXNativeTarget;
			buildConfigurationList = 75595B6F2725C20600DBB009 /* Build configuration list for PBXNativeTarget "PinterestTests" */;
			buildPhases = (
				41276DF21E571BB0D92FA080 /* [CP] Check Pods Manifest.lock */,
				75595B562725C20600DBB009 /* Sources */,
				75595B572725C20600DBB009 /* Frameworks */,
				75595B582725C20600DBB009 /* Resources */,
			);
			buildRules = (
			);
			dependencies = (
				75595B5C2725C20600DBB009 /* PBXTargetDependency */,
			);
			name = PinterestTests;
			productName = PinterestTests;
			productReference = 75595B5A2725C20600DBB009 /* PinterestTests.xctest */;
			productType = "com.apple.product-type.bundle.unit-test";
		};
		75595B632725C20600DBB009 /* PinterestUITests */ = {
			isa = PBXNativeTarget;
			buildConfigurationList = 75595B722725C20600DBB009 /* Build configuration list for PBXNativeTarget "PinterestUITests" */;
			buildPhases = (
				882B03232B5E1D83F89DC963 /* [CP] Check Pods Manifest.lock */,
				75595B602725C20600DBB009 /* Sources */,
				75595B612725C20600DBB009 /* Frameworks */,
				75595B622725C20600DBB009 /* Resources */,
				37B4EC483968D3A9F5E4E414 /* [CP] Embed Pods Frameworks */,
				E413B4F2F87F829B7971CAD7 /* [CP] Copy Pods Resources */,
			);
			buildRules = (
			);
			dependencies = (
				75595B662725C20600DBB009 /* PBXTargetDependency */,
			);
			name = PinterestUITests;
			productName = PinterestUITests;
			productReference = 75595B642725C20600DBB009 /* PinterestUITests.xctest */;
			productType = "com.apple.product-type.bundle.ui-testing";
		};
/* End PBXNativeTarget section */

/* Begin PBXProject section */
		75595B3C2725C20000DBB009 /* Project object */ = {
			isa = PBXProject;
			attributes = {
				BuildIndependentTargetsInParallel = 1;
				LastSwiftUpdateCheck = 1300;
				LastUpgradeCheck = 1300;
				TargetAttributes = {
					75595B432725C20100DBB009 = {
						CreatedOnToolsVersion = 13.0;
					};
					75595B592725C20600DBB009 = {
						CreatedOnToolsVersion = 13.0;
						TestTargetID = 75595B432725C20100DBB009;
					};
					75595B632725C20600DBB009 = {
						CreatedOnToolsVersion = 13.0;
						TestTargetID = 75595B432725C20100DBB009;
					};
				};
			};
			buildConfigurationList = 75595B3F2725C20000DBB009 /* Build configuration list for PBXProject "Pinterest" */;
			compatibilityVersion = "Xcode 13.0";
			developmentRegion = en;
			hasScannedForEncodings = 0;
			knownRegions = (
				en,
				Base,
			);
			mainGroup = 75595B3B2725C20000DBB009;
			productRefGroup = 75595B452725C20100DBB009 /* Products */;
			projectDirPath = "";
			projectRoot = "";
			targets = (
				75595B432725C20100DBB009 /* Pinterest */,
				75595B592725C20600DBB009 /* PinterestTests */,
				75595B632725C20600DBB009 /* PinterestUITests */,
			);
		};
/* End PBXProject section */

/* Begin PBXResourcesBuildPhase section */
		75595B422725C20100DBB009 /* Resources */ = {
			isa = PBXResourcesBuildPhase;
			buildActionMask = 2147483647;
			files = (
				75595B542725C20600DBB009 /* LaunchScreen.storyboard in Resources */,
				755F8C9D2725E60A00398ADD /* Assets in Resources */,
				75B5D464275C140100AA3148 /* Helpers in Resources */,
				75595B512725C20600DBB009 /* Assets.xcassets in Resources */,
			);
			runOnlyForDeploymentPostprocessing = 0;
		};
		75595B582725C20600DBB009 /* Resources */ = {
			isa = PBXResourcesBuildPhase;
			buildActionMask = 2147483647;
			files = (
			);
			runOnlyForDeploymentPostprocessing = 0;
		};
		75595B622725C20600DBB009 /* Resources */ = {
			isa = PBXResourcesBuildPhase;
			buildActionMask = 2147483647;
			files = (
			);
			runOnlyForDeploymentPostprocessing = 0;
		};
/* End PBXResourcesBuildPhase section */

/* Begin PBXShellScriptBuildPhase section */
		37B4EC483968D3A9F5E4E414 /* [CP] Embed Pods Frameworks */ = {
			isa = PBXShellScriptBuildPhase;
			buildActionMask = 2147483647;
			files = (
			);
			inputFileListPaths = (
				"${PODS_ROOT}/Target Support Files/Pods-Pinterest-PinterestUITests/Pods-Pinterest-PinterestUITests-frameworks-${CONFIGURATION}-input-files.xcfilelist",
			);
			name = "[CP] Embed Pods Frameworks";
			outputFileListPaths = (
				"${PODS_ROOT}/Target Support Files/Pods-Pinterest-PinterestUITests/Pods-Pinterest-PinterestUITests-frameworks-${CONFIGURATION}-output-files.xcfilelist",
			);
			runOnlyForDeploymentPostprocessing = 0;
			shellPath = /bin/sh;
			shellScript = "\"${PODS_ROOT}/Target Support Files/Pods-Pinterest-PinterestUITests/Pods-Pinterest-PinterestUITests-frameworks.sh\"\n";
			showEnvVarsInLog = 0;
		};
		41276DF21E571BB0D92FA080 /* [CP] Check Pods Manifest.lock */ = {
			isa = PBXShellScriptBuildPhase;
			buildActionMask = 2147483647;
			files = (
			);
			inputFileListPaths = (
			);
			inputPaths = (
				"${PODS_PODFILE_DIR_PATH}/Podfile.lock",
				"${PODS_ROOT}/Manifest.lock",
			);
			name = "[CP] Check Pods Manifest.lock";
			outputFileListPaths = (
			);
			outputPaths = (
				"$(DERIVED_FILE_DIR)/Pods-PinterestTests-checkManifestLockResult.txt",
			);
			runOnlyForDeploymentPostprocessing = 0;
			shellPath = /bin/sh;
			shellScript = "diff \"${PODS_PODFILE_DIR_PATH}/Podfile.lock\" \"${PODS_ROOT}/Manifest.lock\" > /dev/null\nif [ $? != 0 ] ; then\n    # print error to STDERR\n    echo \"error: The sandbox is not in sync with the Podfile.lock. Run 'pod install' or update your CocoaPods installation.\" >&2\n    exit 1\nfi\n# This output is used by Xcode 'outputs' to avoid re-running this script phase.\necho \"SUCCESS\" > \"${SCRIPT_OUTPUT_FILE_0}\"\n";
			showEnvVarsInLog = 0;
		};
		48EC09A2FE0816E7654C756E /* [CP] Check Pods Manifest.lock */ = {
			isa = PBXShellScriptBuildPhase;
			buildActionMask = 2147483647;
			files = (
			);
			inputFileListPaths = (
			);
			inputPaths = (
				"${PODS_PODFILE_DIR_PATH}/Podfile.lock",
				"${PODS_ROOT}/Manifest.lock",
			);
			name = "[CP] Check Pods Manifest.lock";
			outputFileListPaths = (
			);
			outputPaths = (
				"$(DERIVED_FILE_DIR)/Pods-Pinterest-checkManifestLockResult.txt",
			);
			runOnlyForDeploymentPostprocessing = 0;
			shellPath = /bin/sh;
			shellScript = "diff \"${PODS_PODFILE_DIR_PATH}/Podfile.lock\" \"${PODS_ROOT}/Manifest.lock\" > /dev/null\nif [ $? != 0 ] ; then\n    # print error to STDERR\n    echo \"error: The sandbox is not in sync with the Podfile.lock. Run 'pod install' or update your CocoaPods installation.\" >&2\n    exit 1\nfi\n# This output is used by Xcode 'outputs' to avoid re-running this script phase.\necho \"SUCCESS\" > \"${SCRIPT_OUTPUT_FILE_0}\"\n";
			showEnvVarsInLog = 0;
		};
		5BAEAD4C815131BA9C5B0D93 /* [CP] Embed Pods Frameworks */ = {
			isa = PBXShellScriptBuildPhase;
			buildActionMask = 2147483647;
			files = (
			);
			inputFileListPaths = (
				"${PODS_ROOT}/Target Support Files/Pods-Pinterest/Pods-Pinterest-frameworks-${CONFIGURATION}-input-files.xcfilelist",
			);
			name = "[CP] Embed Pods Frameworks";
			outputFileListPaths = (
				"${PODS_ROOT}/Target Support Files/Pods-Pinterest/Pods-Pinterest-frameworks-${CONFIGURATION}-output-files.xcfilelist",
			);
			runOnlyForDeploymentPostprocessing = 0;
			shellPath = /bin/sh;
			shellScript = "\"${PODS_ROOT}/Target Support Files/Pods-Pinterest/Pods-Pinterest-frameworks.sh\"\n";
			showEnvVarsInLog = 0;
		};
		882B03232B5E1D83F89DC963 /* [CP] Check Pods Manifest.lock */ = {
			isa = PBXShellScriptBuildPhase;
			buildActionMask = 2147483647;
			files = (
			);
			inputFileListPaths = (
			);
			inputPaths = (
				"${PODS_PODFILE_DIR_PATH}/Podfile.lock",
				"${PODS_ROOT}/Manifest.lock",
			);
			name = "[CP] Check Pods Manifest.lock";
			outputFileListPaths = (
			);
			outputPaths = (
				"$(DERIVED_FILE_DIR)/Pods-Pinterest-PinterestUITests-checkManifestLockResult.txt",
			);
			runOnlyForDeploymentPostprocessing = 0;
			shellPath = /bin/sh;
			shellScript = "diff \"${PODS_PODFILE_DIR_PATH}/Podfile.lock\" \"${PODS_ROOT}/Manifest.lock\" > /dev/null\nif [ $? != 0 ] ; then\n    # print error to STDERR\n    echo \"error: The sandbox is not in sync with the Podfile.lock. Run 'pod install' or update your CocoaPods installation.\" >&2\n    exit 1\nfi\n# This output is used by Xcode 'outputs' to avoid re-running this script phase.\necho \"SUCCESS\" > \"${SCRIPT_OUTPUT_FILE_0}\"\n";
			showEnvVarsInLog = 0;
		};
		C7719128CA14ED2CBD630465 /* [CP] Copy Pods Resources */ = {
			isa = PBXShellScriptBuildPhase;
			buildActionMask = 2147483647;
			files = (
			);
			inputFileListPaths = (
				"${PODS_ROOT}/Target Support Files/Pods-Pinterest/Pods-Pinterest-resources-${CONFIGURATION}-input-files.xcfilelist",
			);
			name = "[CP] Copy Pods Resources";
			outputFileListPaths = (
				"${PODS_ROOT}/Target Support Files/Pods-Pinterest/Pods-Pinterest-resources-${CONFIGURATION}-output-files.xcfilelist",
			);
			runOnlyForDeploymentPostprocessing = 0;
			shellPath = /bin/sh;
			shellScript = "\"${PODS_ROOT}/Target Support Files/Pods-Pinterest/Pods-Pinterest-resources.sh\"\n";
			showEnvVarsInLog = 0;
		};
		E413B4F2F87F829B7971CAD7 /* [CP] Copy Pods Resources */ = {
			isa = PBXShellScriptBuildPhase;
			buildActionMask = 2147483647;
			files = (
			);
			inputFileListPaths = (
				"${PODS_ROOT}/Target Support Files/Pods-Pinterest-PinterestUITests/Pods-Pinterest-PinterestUITests-resources-${CONFIGURATION}-input-files.xcfilelist",
			);
			name = "[CP] Copy Pods Resources";
			outputFileListPaths = (
				"${PODS_ROOT}/Target Support Files/Pods-Pinterest-PinterestUITests/Pods-Pinterest-PinterestUITests-resources-${CONFIGURATION}-output-files.xcfilelist",
			);
			runOnlyForDeploymentPostprocessing = 0;
			shellPath = /bin/sh;
			shellScript = "\"${PODS_ROOT}/Target Support Files/Pods-Pinterest-PinterestUITests/Pods-Pinterest-PinterestUITests-resources.sh\"\n";
			showEnvVarsInLog = 0;
		};
/* End PBXShellScriptBuildPhase section */

/* Begin PBXSourcesBuildPhase section */
		75595B402725C20100DBB009 /* Sources */ = {
			isa = PBXSourcesBuildPhase;
			buildActionMask = 2147483647;
			files = (
				75C5B24C2821C6820011DE96 /* SettingsLauncher.swift in Sources */,
				75B49E5B277D20E7001A1A5C /* GoogleService-Info.plist in Sources */,
				75D62892276D4E2000125509 /* GIFImageView.swift in Sources */,
				75D62895276D50AC00125509 /* UIColorExtension.swift in Sources */,
				75D6288F27656F8D00125509 /* CCZoomTransitioner.swift in Sources */,
				75595B4C2725C20100DBB009 /* IntroViewController.swift in Sources */,
				75595B482725C20100DBB009 /* AppDelegate.swift in Sources */,
				75D6288D27656F8400125509 /* CCZoomTransitionVCExtension.swift in Sources */,
				756BD040282479FB0016F0A8 /* VideoCell.swift in Sources */,
				756BD044282705820016F0A8 /* Extensions.swift in Sources */,
				75A1F61027405A4300E4170A /* FeedViewController.swift in Sources */,
				75B5D46A2760172600AA3148 /* PinterestLayout.swift in Sources */,
				75A1F60E2740546400E4170A /* MainTabBarController.swift in Sources */,
				75742384276EA08600C98DFF /* Post.swift in Sources */,
				75B5D4682760080200AA3148 /* PostProvider.swift in Sources */,
				75D6288C27656F8200125509 /* CCZoomAnimatedTransitioning.swift in Sources */,
				75742388276EA90E00C98DFF /* PinterestCell.swift in Sources */,
				75595B4A2725C20100DBB009 /* SceneDelegate.swift in Sources */,
				75D6288127655A0F00125509 /* DetailViewController.swift in Sources */,
				75A7CDE52804FFD4008043F6 /* ChatViewController.swift in Sources */,
				756BD03E282478E30016F0A8 /* SettingCell.swift in Sources */,
				75D6288E27656F8700125509 /* CCSwipBackPresentationController.swift in Sources */,
			);
			runOnlyForDeploymentPostprocessing = 0;
		};
		75595B562725C20600DBB009 /* Sources */ = {
			isa = PBXSourcesBuildPhase;
			buildActionMask = 2147483647;
			files = (
				75595B5F2725C20600DBB009 /* PinterestTests.swift in Sources */,
			);
			runOnlyForDeploymentPostprocessing = 0;
		};
		75595B602725C20600DBB009 /* Sources */ = {
			isa = PBXSourcesBuildPhase;
			buildActionMask = 2147483647;
			files = (
				75595B692725C20600DBB009 /* PinterestUITests.swift in Sources */,
			);
			runOnlyForDeploymentPostprocessing = 0;
		};
/* End PBXSourcesBuildPhase section */

/* Begin PBXTargetDependency section */
		75595B5C2725C20600DBB009 /* PBXTargetDependency */ = {
			isa = PBXTargetDependency;
			target = 75595B432725C20100DBB009 /* Pinterest */;
			targetProxy = 75595B5B2725C20600DBB009 /* PBXContainerItemProxy */;
		};
		75595B662725C20600DBB009 /* PBXTargetDependency */ = {
			isa = PBXTargetDependency;
			target = 75595B432725C20100DBB009 /* Pinterest */;
			targetProxy = 75595B652725C20600DBB009 /* PBXContainerItemProxy */;
		};
/* End PBXTargetDependency section */

/* Begin PBXVariantGroup section */
		75595B522725C20600DBB009 /* LaunchScreen.storyboard */ = {
			isa = PBXVariantGroup;
			children = (
				75595B532725C20600DBB009 /* Base */,
			);
			name = LaunchScreen.storyboard;
			sourceTree = "<group>";
		};
/* End PBXVariantGroup section */

/* Begin XCBuildConfiguration section */
		75595B6A2725C20600DBB009 /* Debug */ = {
			isa = XCBuildConfiguration;
			buildSettings = {
				ALWAYS_SEARCH_USER_PATHS = NO;
				CLANG_ANALYZER_NONNULL = YES;
				CLANG_ANALYZER_NUMBER_OBJECT_CONVERSION = YES_AGGRESSIVE;
				CLANG_CXX_LANGUAGE_STANDARD = "gnu++14";
				CLANG_CXX_LIBRARY = "libc++";
				CLANG_ENABLE_MODULES = YES;
				CLANG_ENABLE_OBJC_ARC = YES;
				CLANG_ENABLE_OBJC_WEAK = YES;
				CLANG_WARN_BLOCK_CAPTURE_AUTORELEASING = YES;
				CLANG_WARN_BOOL_CONVERSION = YES;
				CLANG_WARN_COMMA = YES;
				CLANG_WARN_CONSTANT_CONVERSION = YES;
				CLANG_WARN_DEPRECATED_OBJC_IMPLEMENTATIONS = YES;
				CLANG_WARN_DIRECT_OBJC_ISA_USAGE = YES_ERROR;
				CLANG_WARN_DOCUMENTATION_COMMENTS = YES;
				CLANG_WARN_EMPTY_BODY = YES;
				CLANG_WARN_ENUM_CONVERSION = YES;
				CLANG_WARN_INFINITE_RECURSION = YES;
				CLANG_WARN_INT_CONVERSION = YES;
				CLANG_WARN_NON_LITERAL_NULL_CONVERSION = YES;
				CLANG_WARN_OBJC_IMPLICIT_RETAIN_SELF = YES;
				CLANG_WARN_OBJC_LITERAL_CONVERSION = YES;
				CLANG_WARN_OBJC_ROOT_CLASS = YES_ERROR;
				CLANG_WARN_QUOTED_INCLUDE_IN_FRAMEWORK_HEADER = YES;
				CLANG_WARN_RANGE_LOOP_ANALYSIS = YES;
				CLANG_WARN_STRICT_PROTOTYPES = YES;
				CLANG_WARN_SUSPICIOUS_MOVE = YES;
				CLANG_WARN_UNGUARDED_AVAILABILITY = YES_AGGRESSIVE;
				CLANG_WARN_UNREACHABLE_CODE = YES;
				CLANG_WARN__DUPLICATE_METHOD_MATCH = YES;
				COPY_PHASE_STRIP = NO;
				DEBUG_INFORMATION_FORMAT = dwarf;
				ENABLE_STRICT_OBJC_MSGSEND = YES;
				ENABLE_TESTABILITY = YES;
				GCC_C_LANGUAGE_STANDARD = gnu11;
				GCC_DYNAMIC_NO_PIC = NO;
				GCC_NO_COMMON_BLOCKS = YES;
				GCC_OPTIMIZATION_LEVEL = 0;
				GCC_PREPROCESSOR_DEFINITIONS = (
					"DEBUG=1",
					"$(inherited)",
				);
				GCC_WARN_64_TO_32_BIT_CONVERSION = YES;
				GCC_WARN_ABOUT_RETURN_TYPE = YES_ERROR;
				GCC_WARN_UNDECLARED_SELECTOR = YES;
				GCC_WARN_UNINITIALIZED_AUTOS = YES_AGGRESSIVE;
				GCC_WARN_UNUSED_FUNCTION = YES;
				GCC_WARN_UNUSED_VARIABLE = YES;
				IPHONEOS_DEPLOYMENT_TARGET = 11.0;
				MTL_ENABLE_DEBUG_INFO = INCLUDE_SOURCE;
				MTL_FAST_MATH = YES;
				ONLY_ACTIVE_ARCH = YES;
				SDKROOT = iphoneos;
				SWIFT_ACTIVE_COMPILATION_CONDITIONS = DEBUG;
				SWIFT_OPTIMIZATION_LEVEL = "-Onone";
			};
			name = Debug;
		};
		75595B6B2725C20600DBB009 /* Release */ = {
			isa = XCBuildConfiguration;
			buildSettings = {
				ALWAYS_SEARCH_USER_PATHS = NO;
				CLANG_ANALYZER_NONNULL = YES;
				CLANG_ANALYZER_NUMBER_OBJECT_CONVERSION = YES_AGGRESSIVE;
				CLANG_CXX_LANGUAGE_STANDARD = "gnu++14";
				CLANG_CXX_LIBRARY = "libc++";
				CLANG_ENABLE_MODULES = YES;
				CLANG_ENABLE_OBJC_ARC = YES;
				CLANG_ENABLE_OBJC_WEAK = YES;
				CLANG_WARN_BLOCK_CAPTURE_AUTORELEASING = YES;
				CLANG_WARN_BOOL_CONVERSION = YES;
				CLANG_WARN_COMMA = YES;
				CLANG_WARN_CONSTANT_CONVERSION = YES;
				CLANG_WARN_DEPRECATED_OBJC_IMPLEMENTATIONS = YES;
				CLANG_WARN_DIRECT_OBJC_ISA_USAGE = YES_ERROR;
				CLANG_WARN_DOCUMENTATION_COMMENTS = YES;
				CLANG_WARN_EMPTY_BODY = YES;
				CLANG_WARN_ENUM_CONVERSION = YES;
				CLANG_WARN_INFINITE_RECURSION = YES;
				CLANG_WARN_INT_CONVERSION = YES;
				CLANG_WARN_NON_LITERAL_NULL_CONVERSION = YES;
				CLANG_WARN_OBJC_IMPLICIT_RETAIN_SELF = YES;
				CLANG_WARN_OBJC_LITERAL_CONVERSION = YES;
				CLANG_WARN_OBJC_ROOT_CLASS = YES_ERROR;
				CLANG_WARN_QUOTED_INCLUDE_IN_FRAMEWORK_HEADER = YES;
				CLANG_WARN_RANGE_LOOP_ANALYSIS = YES;
				CLANG_WARN_STRICT_PROTOTYPES = YES;
				CLANG_WARN_SUSPICIOUS_MOVE = YES;
				CLANG_WARN_UNGUARDED_AVAILABILITY = YES_AGGRESSIVE;
				CLANG_WARN_UNREACHABLE_CODE = YES;
				CLANG_WARN__DUPLICATE_METHOD_MATCH = YES;
				COPY_PHASE_STRIP = NO;
				DEBUG_INFORMATION_FORMAT = "dwarf-with-dsym";
				ENABLE_NS_ASSERTIONS = NO;
				ENABLE_STRICT_OBJC_MSGSEND = YES;
				GCC_C_LANGUAGE_STANDARD = gnu11;
				GCC_NO_COMMON_BLOCKS = YES;
				GCC_WARN_64_TO_32_BIT_CONVERSION = YES;
				GCC_WARN_ABOUT_RETURN_TYPE = YES_ERROR;
				GCC_WARN_UNDECLARED_SELECTOR = YES;
				GCC_WARN_UNINITIALIZED_AUTOS = YES_AGGRESSIVE;
				GCC_WARN_UNUSED_FUNCTION = YES;
				GCC_WARN_UNUSED_VARIABLE = YES;
				IPHONEOS_DEPLOYMENT_TARGET = 11.0;
				MTL_ENABLE_DEBUG_INFO = NO;
				MTL_FAST_MATH = YES;
				SDKROOT = iphoneos;
				SWIFT_COMPILATION_MODE = wholemodule;
				SWIFT_OPTIMIZATION_LEVEL = "-O";
				VALIDATE_PRODUCT = YES;
			};
			name = Release;
		};
		75595B6D2725C20600DBB009 /* Debug */ = {
			isa = XCBuildConfiguration;
			baseConfigurationReference = BDDF16ACCD136F6FDD101097 /* Pods-Pinterest.debug.xcconfig */;
			buildSettings = {
				ASSETCATALOG_COMPILER_APPICON_NAME = AppIcon;
				ASSETCATALOG_COMPILER_GLOBAL_ACCENT_COLOR_NAME = AccentColor;
				CODE_SIGN_ENTITLEMENTS = Pinterest/PinterestDebug.entitlements;
				CODE_SIGN_STYLE = Automatic;
				CURRENT_PROJECT_VERSION = 1;
				DEVELOPMENT_TEAM = QFQW29JWKY;
				GENERATE_INFOPLIST_FILE = YES;
				INFOPLIST_FILE = Pinterest/Info.plist;
				INFOPLIST_KEY_CFBundleExecutable = Pinterest;
				INFOPLIST_KEY_CFBundleName = Pinterest;
				INFOPLIST_KEY_CFBundleVersion = 1;
				INFOPLIST_KEY_NSCameraUsageDescription = "Please allow the Pinterest App to take a photo!";
				INFOPLIST_KEY_UIApplicationSupportsIndirectInputEvents = YES;
				INFOPLIST_KEY_UILaunchStoryboardName = LaunchScreen;
				INFOPLIST_KEY_UISupportedInterfaceOrientations = UIInterfaceOrientationPortrait;
				INFOPLIST_KEY_UISupportedInterfaceOrientations_iPad = "UIInterfaceOrientationPortrait UIInterfaceOrientationPortraitUpsideDown UIInterfaceOrientationLandscapeLeft UIInterfaceOrientationLandscapeRight";
				INFOPLIST_KEY_UISupportedInterfaceOrientations_iPhone = "UIInterfaceOrientationPortrait UIInterfaceOrientationLandscapeLeft UIInterfaceOrientationLandscapeRight";
				LD_RUNPATH_SEARCH_PATHS = (
					"$(inherited)",
					"@executable_path/Frameworks",
				);
				MARKETING_VERSION = 1.0;
				PRODUCT_BUNDLE_IDENTIFIER = com.ChatterBox.Pinterest;
				PRODUCT_NAME = "$(TARGET_NAME)";
				SWIFT_EMIT_LOC_STRINGS = YES;
				SWIFT_VERSION = 5.0;
				TARGETED_DEVICE_FAMILY = "1,2";
			};
			name = Debug;
		};
		75595B6E2725C20600DBB009 /* Release */ = {
			isa = XCBuildConfiguration;
			baseConfigurationReference = 62E0F86EF39DEC3BABC16A9C /* Pods-Pinterest.release.xcconfig */;
			buildSettings = {
				ASSETCATALOG_COMPILER_APPICON_NAME = AppIcon;
				ASSETCATALOG_COMPILER_GLOBAL_ACCENT_COLOR_NAME = AccentColor;
				CODE_SIGN_STYLE = Automatic;
				CURRENT_PROJECT_VERSION = 1;
				DEVELOPMENT_TEAM = QFQW29JWKY;
				GENERATE_INFOPLIST_FILE = YES;
				INFOPLIST_FILE = Pinterest/Info.plist;
				INFOPLIST_KEY_CFBundleExecutable = Pinterest;
				INFOPLIST_KEY_CFBundleName = Pinterest;
				INFOPLIST_KEY_CFBundleVersion = 1;
				INFOPLIST_KEY_NSCameraUsageDescription = "Please allow the Pinterest App to take a photo!";
				INFOPLIST_KEY_UIApplicationSupportsIndirectInputEvents = YES;
				INFOPLIST_KEY_UILaunchStoryboardName = LaunchScreen;
				INFOPLIST_KEY_UISupportedInterfaceOrientations = UIInterfaceOrientationPortrait;
				INFOPLIST_KEY_UISupportedInterfaceOrientations_iPad = "UIInterfaceOrientationPortrait UIInterfaceOrientationPortraitUpsideDown UIInterfaceOrientationLandscapeLeft UIInterfaceOrientationLandscapeRight";
				INFOPLIST_KEY_UISupportedInterfaceOrientations_iPhone = "UIInterfaceOrientationPortrait UIInterfaceOrientationLandscapeLeft UIInterfaceOrientationLandscapeRight";
				LD_RUNPATH_SEARCH_PATHS = (
					"$(inherited)",
					"@executable_path/Frameworks",
				);
				MARKETING_VERSION = 1.0;
				PRODUCT_BUNDLE_IDENTIFIER = com.ChatterBox.Pinterest;
				PRODUCT_NAME = "$(TARGET_NAME)";
				SWIFT_EMIT_LOC_STRINGS = YES;
				SWIFT_VERSION = 5.0;
				TARGETED_DEVICE_FAMILY = "1,2";
			};
			name = Release;
		};
		75595B702725C20600DBB009 /* Debug */ = {
			isa = XCBuildConfiguration;
			baseConfigurationReference = 3C375027F224386A096C5220 /* Pods-PinterestTests.debug.xcconfig */;
			buildSettings = {
				ALWAYS_EMBED_SWIFT_STANDARD_LIBRARIES = YES;
				BUNDLE_LOADER = "$(TEST_HOST)";
				CODE_SIGN_STYLE = Automatic;
				CURRENT_PROJECT_VERSION = 1;
				DEVELOPMENT_TEAM = QFQW29JWKY;
				GENERATE_INFOPLIST_FILE = YES;
				IPHONEOS_DEPLOYMENT_TARGET = 15.0;
				LD_RUNPATH_SEARCH_PATHS = (
					"$(inherited)",
					"@executable_path/Frameworks",
					"@loader_path/Frameworks",
				);
				MARKETING_VERSION = 1.0;
				PRODUCT_BUNDLE_IDENTIFIER = com.ChatterBox.PinterestTests;
				PRODUCT_NAME = "$(TARGET_NAME)";
				SWIFT_EMIT_LOC_STRINGS = NO;
				SWIFT_VERSION = 5.0;
				TARGETED_DEVICE_FAMILY = "1,2";
				TEST_HOST = "$(BUILT_PRODUCTS_DIR)/Pinterest.app/Pinterest";
			};
			name = Debug;
		};
		75595B712725C20600DBB009 /* Release */ = {
			isa = XCBuildConfiguration;
			baseConfigurationReference = BBD2A3AF710506CA0BFC4DAA /* Pods-PinterestTests.release.xcconfig */;
			buildSettings = {
				ALWAYS_EMBED_SWIFT_STANDARD_LIBRARIES = YES;
				BUNDLE_LOADER = "$(TEST_HOST)";
				CODE_SIGN_STYLE = Automatic;
				CURRENT_PROJECT_VERSION = 1;
				DEVELOPMENT_TEAM = QFQW29JWKY;
				GENERATE_INFOPLIST_FILE = YES;
				IPHONEOS_DEPLOYMENT_TARGET = 15.0;
				LD_RUNPATH_SEARCH_PATHS = (
					"$(inherited)",
					"@executable_path/Frameworks",
					"@loader_path/Frameworks",
				);
				MARKETING_VERSION = 1.0;
				PRODUCT_BUNDLE_IDENTIFIER = com.ChatterBox.PinterestTests;
				PRODUCT_NAME = "$(TARGET_NAME)";
				SWIFT_EMIT_LOC_STRINGS = NO;
				SWIFT_VERSION = 5.0;
				TARGETED_DEVICE_FAMILY = "1,2";
				TEST_HOST = "$(BUILT_PRODUCTS_DIR)/Pinterest.app/Pinterest";
			};
			name = Release;
		};
		75595B732725C20600DBB009 /* Debug */ = {
			isa = XCBuildConfiguration;
			baseConfigurationReference = E332CB0122F16A1CF7CBB06A /* Pods-Pinterest-PinterestUITests.debug.xcconfig */;
			buildSettings = {
				ALWAYS_EMBED_SWIFT_STANDARD_LIBRARIES = YES;
				CODE_SIGN_STYLE = Automatic;
				CURRENT_PROJECT_VERSION = 1;
				DEVELOPMENT_TEAM = QFQW29JWKY;
				GENERATE_INFOPLIST_FILE = YES;
				LD_RUNPATH_SEARCH_PATHS = (
					"$(inherited)",
					"@executable_path/Frameworks",
					"@loader_path/Frameworks",
				);
				MARKETING_VERSION = 1.0;
				PRODUCT_BUNDLE_IDENTIFIER = com.ChatterBox.PinterestUITests;
				PRODUCT_NAME = "$(TARGET_NAME)";
				SWIFT_EMIT_LOC_STRINGS = NO;
				SWIFT_VERSION = 5.0;
				TARGETED_DEVICE_FAMILY = "1,2";
				TEST_TARGET_NAME = Pinterest;
			};
			name = Debug;
		};
		75595B742725C20600DBB009 /* Release */ = {
			isa = XCBuildConfiguration;
			baseConfigurationReference = 9361242BDDEE6D26E035A897 /* Pods-Pinterest-PinterestUITests.release.xcconfig */;
			buildSettings = {
				ALWAYS_EMBED_SWIFT_STANDARD_LIBRARIES = YES;
				CODE_SIGN_STYLE = Automatic;
				CURRENT_PROJECT_VERSION = 1;
				DEVELOPMENT_TEAM = QFQW29JWKY;
				GENERATE_INFOPLIST_FILE = YES;
				LD_RUNPATH_SEARCH_PATHS = (
					"$(inherited)",
					"@executable_path/Frameworks",
					"@loader_path/Frameworks",
				);
				MARKETING_VERSION = 1.0;
				PRODUCT_BUNDLE_IDENTIFIER = com.ChatterBox.PinterestUITests;
				PRODUCT_NAME = "$(TARGET_NAME)";
				SWIFT_EMIT_LOC_STRINGS = NO;
				SWIFT_VERSION = 5.0;
				TARGETED_DEVICE_FAMILY = "1,2";
				TEST_TARGET_NAME = Pinterest;
			};
			name = Release;
		};
/* End XCBuildConfiguration section */

/* Begin XCConfigurationList section */
		75595B3F2725C20000DBB009 /* Build configuration list for PBXProject "Pinterest" */ = {
			isa = XCConfigurationList;
			buildConfigurations = (
				75595B6A2725C20600DBB009 /* Debug */,
				75595B6B2725C20600DBB009 /* Release */,
			);
			defaultConfigurationIsVisible = 0;
			defaultConfigurationName = Release;
		};
		75595B6C2725C20600DBB009 /* Build configuration list for PBXNativeTarget "Pinterest" */ = {
			isa = XCConfigurationList;
			buildConfigurations = (
				75595B6D2725C20600DBB009 /* Debug */,
				75595B6E2725C20600DBB009 /* Release */,
			);
			defaultConfigurationIsVisible = 0;
			defaultConfigurationName = Release;
		};
		75595B6F2725C20600DBB009 /* Build configuration list for PBXNativeTarget "PinterestTests" */ = {
			isa = XCConfigurationList;
			buildConfigurations = (
				75595B702725C20600DBB009 /* Debug */,
				75595B712725C20600DBB009 /* Release */,
			);
			defaultConfigurationIsVisible = 0;
			defaultConfigurationName = Release;
		};
		75595B722725C20600DBB009 /* Build configuration list for PBXNativeTarget "PinterestUITests" */ = {
			isa = XCConfigurationList;
			buildConfigurations = (
				75595B732725C20600DBB009 /* Debug */,
				75595B742725C20600DBB009 /* Release */,
			);
			defaultConfigurationIsVisible = 0;
			defaultConfigurationName = Release;
		};
/* End XCConfigurationList section */
	};
	rootObject = 75595B3C2725C20000DBB009 /* Project object */;
}
